{
	"name": "@datasworn/ironsworn-classic",
	"version": "2.0.0-2",
	"lockfileVersion": 3,
	"requires": true,
	"packages": {
		"": {
			"name": "@datasworn/ironsworn-classic",
			"version": "2.0.0-2",
			"license": "SEE LICENSE IN LICENSE.md",
			"dependencies": {
				"@datasworn/core": "file:../core"
			}
		},
		"../core": {
			"version": "2.0.0-2",
			"license": "SEE LICENSE IN LICENSE.md"
		},
		"node_modules/@datasworn/core": {
			"resolved": "../core",
			"link": true
		}
	}
}
