{
	"name": "@datasworn/ironsworn-classic-delve",
	"version": "0.0.0-0",
	"lockfileVersion": 3,
	"requires": true,
	"packages": {
		"": {
			"name": "@datasworn/ironsworn-classic-delve",
			"version": "0.0.0-0",
			"license": "SEE LICENSE IN LICENSE.md",
			"dependencies": {
				"@datasworn/core": "file:../core",
				"@datasworn/ironsworn-classic": "file:../ironsworn-classic"
			}
		},
		"../core": {
			"version": "0.0.0-0",
			"license": "SEE LICENSE IN LICENSE.md"
		},
		"../ironsworn-classic": {
			"version": "0.0.0-0",
			"license": "SEE LICENSE IN LICENSE.md",
			"dependencies": {
				"@datasworn/core": "file:../core"
			}
		},
		"../ironsworn-classic/node_modules/@datasworn/core": {
			"resolved": "../core",
			"link": true
		},
		"node_modules/@datasworn/core": {
			"resolved": "../core",
			"link": true
		},
		"node_modules/@datasworn/ironsworn-classic": {
			"resolved": "../ironsworn-classic",
			"link": true
		}
	}
}